
Microsoft Visual Studio Solution File, Format Version 12.00
# Visual Studio 15
VisualStudioVersion = 15.0.26730.8
MinimumVisualStudioVersion = 10.0.40219.1
Project("{FAE04EC0-301F-11D3-BF4B-00C04F79EFBC}") = "B2B_CognitiveServices_Cafe", "B2B_CognitiveServices_Cafe\B2B_CognitiveServices_Cafe.csproj", "{1B81FB5D-7BE3-435B-BE05-84F9AE099726}"
EndProject
Global
	GlobalSection(SolutionConfigurationPlatforms) = preSolution
		Debug|Any CPU = Debug|Any CPU
		Release|Any CPU = Release|Any CPU
	EndGlobalSection
	GlobalSection(ProjectConfigurationPlatforms) = postSolution
		{1B81FB5D-7BE3-435B-BE05-84F9AE099726}.Debug|Any CPU.ActiveCfg = Debug|Any CPU
		{1B81FB5D-7BE3-435B-BE05-84F9AE099726}.Debug|Any CPU.Build.0 = Debug|Any CPU
		{1B81FB5D-7BE3-435B-BE05-84F9AE099726}.Release|Any CPU.ActiveCfg = Release|Any CPU
		{1B81FB5D-7BE3-435B-BE05-84F9AE099726}.Release|Any CPU.Build.0 = Release|Any CPU
	EndGlobalSection
	GlobalSection(SolutionProperties) = preSolution
		HideSolutionNode = FALSE
	EndGlobalSection
	GlobalSection(ExtensibilityGlobals) = postSolution
		SolutionGuid = {B61720AE-51AB-472F-8D7B-01E9E33A1C61}
	EndGlobalSection
EndGlobal
